
Microsoft Visual Studio Solution File, Format Version 12.00
Project("{FAE04EC0-301F-11D3-BF4B-00C04F79EFBC}") = "Module03_Pract", "Module03_Pract\Module03_Pract.csproj", "{B4FE5C09-A9AC-4933-BCDC-A4933E6C8BBF}"
EndProject
Global
	GlobalSection(SolutionConfigurationPlatforms) = preSolution
		Debug|Any CPU = Debug|Any CPU
		Release|Any CPU = Release|Any CPU
	EndGlobalSection
	GlobalSection(ProjectConfigurationPlatforms) = postSolution
		{B4FE5C09-A9AC-4933-BCDC-A4933E6C8BBF}.Debug|Any CPU.ActiveCfg = Debug|Any CPU
		{B4FE5C09-A9AC-4933-BCDC-A4933E6C8BBF}.Debug|Any CPU.Build.0 = Debug|Any CPU
		{B4FE5C09-A9AC-4933-BCDC-A4933E6C8BBF}.Release|Any CPU.ActiveCfg = Release|Any CPU
		{B4FE5C09-A9AC-4933-BCDC-A4933E6C8BBF}.Release|Any CPU.Build.0 = Release|Any CPU
	EndGlobalSection
EndGlobal
